// !$*UTF8*$!
{
	archiveVersion = 1;
	classes = {
	};
	objectVersion = 77;
	objects = {

/* Begin PBXBuildFile section */
		1860E5D42D825A0800E285EA /* SwiftUISnackbar in Frameworks */ = {isa = PBXBuildFile; productRef = 1860E5D32D825A0800E285EA /* SwiftUISnackbar */; };
/* End PBXBuildFile section */

/* Begin PBXContainerItemProxy section */
		187D004F2D6E8A0F00CC1AE8 /* PBXContainerItemProxy */ = {
			isa = PBXContainerItemProxy;
			containerPortal = 187D00352D6E8A0C00CC1AE8 /* Project object */;
			proxyType = 1;
			remoteGlobalIDString = 187D003C2D6E8A0C00CC1AE8;
			remoteInfo = "iOS Example";
		};
		187D00592D6E8A0F00CC1AE8 /* PBXContainerItemProxy */ = {
			isa = PBXContainerItemProxy;
			containerPortal = 187D00352D6E8A0C00CC1AE8 /* Project object */;
			proxyType = 1;
			remoteGlobalIDString = 187D003C2D6E8A0C00CC1AE8;
			remoteInfo = "iOS Example";
		};
/* End PBXContainerItemProxy section */

/* Begin PBXFileReference section */
		187D003D2D6E8A0C00CC1AE8 /* SwiftUISnackbarDemo.app */ = {isa = PBXFileReference; explicitFileType = wrapper.application; includeInIndex = 0; path = SwiftUISnackbarDemo.app; sourceTree = BUILT_PRODUCTS_DIR; };
		187D004E2D6E8A0F00CC1AE8 /* SwiftUISnackbarDemoTests.xctest */ = {isa = PBXFileReference; explicitFileType = wrapper.cfbundle; includeInIndex = 0; path = SwiftUISnackbarDemoTests.xctest; sourceTree = BUILT_PRODUCTS_DIR; };
		187D00582D6E8A0F00CC1AE8 /* SwiftUISnackbarDemoUITests.xctest */ = {isa = PBXFileReference; explicitFileType = wrapper.cfbundle; includeInIndex = 0; path = SwiftUISnackbarDemoUITests.xctest; sourceTree = BUILT_PRODUCTS_DIR; };
/* End PBXFileReference section */

/* Begin PBXFileSystemSynchronizedRootGroup section */
		187D003F2D6E8A0C00CC1AE8 /* SwiftUISnackbarDemo */ = {
			isa = PBXFileSystemSynchronizedRootGroup;
			path = SwiftUISnackbarDemo;
			sourceTree = "<group>";
		};
		187D00512D6E8A0F00CC1AE8 /* SwiftUISnackbarDemoTests */ = {
			isa = PBXFileSystemSynchronizedRootGroup;
			path = SwiftUISnackbarDemoTests;
			sourceTree = "<group>";
		};
		187D005B2D6E8A0F00CC1AE8 /* SwiftUISnackbarDemoUITests */ = {
			isa = PBXFileSystemSynchronizedRootGroup;
			path = SwiftUISnackbarDemoUITests;
			sourceTree = "<group>";
		};
/* End PBXFileSystemSynchronizedRootGroup section */

/* Begin PBXFrameworksBuildPhase section */
		187D003A2D6E8A0C00CC1AE8 /* Frameworks */ = {
			isa = PBXFrameworksBuildPhase;
			buildActionMask = 2147483647;
			files = (
				1860E5D42D825A0800E285EA /* SwiftUISnackbar in Frameworks */,
			);
			runOnlyForDeploymentPostprocessing = 0;
		};
		187D004B2D6E8A0F00CC1AE8 /* Frameworks */ = {
			isa = PBXFrameworksBuildPhase;
			buildActionMask = 2147483647;
			files = (
			);
			runOnlyForDeploymentPostprocessing = 0;
		};
		187D00552D6E8A0F00CC1AE8 /* Frameworks */ = {
			isa = PBXFrameworksBuildPhase;
			buildActionMask = 2147483647;
			files = (
			);
			runOnlyForDeploymentPostprocessing = 0;
		};
/* End PBXFrameworksBuildPhase section */

/* Begin PBXGroup section */
		187D00342D6E8A0C00CC1AE8 = {
			isa = PBXGroup;
			children = (
				187D003F2D6E8A0C00CC1AE8 /* SwiftUISnackbarDemo */,
				187D00512D6E8A0F00CC1AE8 /* SwiftUISnackbarDemoTests */,
				187D005B2D6E8A0F00CC1AE8 /* SwiftUISnackbarDemoUITests */,
				187D003E2D6E8A0C00CC1AE8 /* Products */,
			);
			sourceTree = "<group>";
		};
		187D003E2D6E8A0C00CC1AE8 /* Products */ = {
			isa = PBXGroup;
			children = (
				187D003D2D6E8A0C00CC1AE8 /* SwiftUISnackbarDemo.app */,
				187D004E2D6E8A0F00CC1AE8 /* SwiftUISnackbarDemoTests.xctest */,
				187D00582D6E8A0F00CC1AE8 /* SwiftUISnackbarDemoUITests.xctest */,
			);
			name = Products;
			sourceTree = "<group>";
		};
/* End PBXGroup section */

/* Begin PBXNativeTarget section */
		187D003C2D6E8A0C00CC1AE8 /* SwiftUISnackbarDemo */ = {
			isa = PBXNativeTarget;
			buildConfigurationList = 187D00622D6E8A0F00CC1AE8 /* Build configuration list for PBXNativeTarget "SwiftUISnackbarDemo" */;
			buildPhases = (
				187D00392D6E8A0C00CC1AE8 /* Sources */,
				187D003A2D6E8A0C00CC1AE8 /* Frameworks */,
				187D003B2D6E8A0C00CC1AE8 /* Resources */,
			);
			buildRules = (
			);
			dependencies = (
			);
			fileSystemSynchronizedGroups = (
				187D003F2D6E8A0C00CC1AE8 /* SwiftUISnackbarDemo */,
			);
			name = SwiftUISnackbarDemo;
			packageProductDependencies = (
				1860E5D32D825A0800E285EA /* SwiftUISnackbar */,
			);
			productName = "iOS Example";
			productReference = 187D003D2D6E8A0C00CC1AE8 /* SwiftUISnackbarDemo.app */;
			productType = "com.apple.product-type.application";
		};
		187D004D2D6E8A0F00CC1AE8 /* SwiftUISnackbarDemoTests */ = {
			isa = PBXNativeTarget;
			buildConfigurationList = 187D00652D6E8A0F00CC1AE8 /* Build configuration list for PBXNativeTarget "SwiftUISnackbarDemoTests" */;
			buildPhases = (
				187D004A2D6E8A0F00CC1AE8 /* Sources */,
				187D004B2D6E8A0F00CC1AE8 /* Frameworks */,
				187D004C2D6E8A0F00CC1AE8 /* Resources */,
			);
			buildRules = (
			);
			dependencies = (
				187D00502D6E8A0F00CC1AE8 /* PBXTargetDependency */,
			);
			fileSystemSynchronizedGroups = (
				187D00512D6E8A0F00CC1AE8 /* SwiftUISnackbarDemoTests */,
			);
			name = SwiftUISnackbarDemoTests;
			packageProductDependencies = (
			);
			productName = "iOS ExampleTests";
			productReference = 187D004E2D6E8A0F00CC1AE8 /* SwiftUISnackbarDemoTests.xctest */;
			productType = "com.apple.product-type.bundle.unit-test";
		};
		187D00572D6E8A0F00CC1AE8 /* SwiftUISnackbarDemoUITests */ = {
			isa = PBXNativeTarget;
			buildConfigurationList = 187D00682D6E8A0F00CC1AE8 /* Build configuration list for PBXNativeTarget "SwiftUISnackbarDemoUITests" */;
			buildPhases = (
				187D00542D6E8A0F00CC1AE8 /* Sources */,
				187D00552D6E8A0F00CC1AE8 /* Frameworks */,
				187D00562D6E8A0F00CC1AE8 /* Resources */,
			);
			buildRules = (
			);
			dependencies = (
				187D005A2D6E8A0F00CC1AE8 /* PBXTargetDependency */,
			);
			fileSystemSynchronizedGroups = (
				187D005B2D6E8A0F00CC1AE8 /* SwiftUISnackbarDemoUITests */,
			);
			name = SwiftUISnackbarDemoUITests;
			packageProductDependencies = (
			);
			productName = "iOS ExampleUITests";
			productReference = 187D00582D6E8A0F00CC1AE8 /* SwiftUISnackbarDemoUITests.xctest */;
			productType = "com.apple.product-type.bundle.ui-testing";
		};
/* End PBXNativeTarget section */

/* Begin PBXProject section */
		187D00352D6E8A0C00CC1AE8 /* Project object */ = {
			isa = PBXProject;
			attributes = {
				BuildIndependentTargetsInParallel = 1;
				LastSwiftUpdateCheck = 1620;
				LastUpgradeCheck = 1620;
				TargetAttributes = {
					187D003C2D6E8A0C00CC1AE8 = {
						CreatedOnToolsVersion = 16.2;
					};
					187D004D2D6E8A0F00CC1AE8 = {
						CreatedOnToolsVersion = 16.2;
						TestTargetID = 187D003C2D6E8A0C00CC1AE8;
					};
					187D00572D6E8A0F00CC1AE8 = {
						CreatedOnToolsVersion = 16.2;
						TestTargetID = 187D003C2D6E8A0C00CC1AE8;
					};
				};
			};
			buildConfigurationList = 187D00382D6E8A0C00CC1AE8 /* Build configuration list for PBXProject "SwiftUISnackbarDemo" */;
			developmentRegion = en;
			hasScannedForEncodings = 0;
			knownRegions = (
				en,
				Base,
			);
			mainGroup = 187D00342D6E8A0C00CC1AE8;
			minimizedProjectReferenceProxies = 1;
			packageReferences = (
				1860E5D22D825A0800E285EA /* XCLocalSwiftPackageReference "../../../SwiftUI-Snackbar" */,
			);
			preferredProjectObjectVersion = 77;
			productRefGroup = 187D003E2D6E8A0C00CC1AE8 /* Products */;
			projectDirPath = "";
			projectRoot = "";
			targets = (
				187D003C2D6E8A0C00CC1AE8 /* SwiftUISnackbarDemo */,
				187D004D2D6E8A0F00CC1AE8 /* SwiftUISnackbarDemoTests */,
				187D00572D6E8A0F00CC1AE8 /* SwiftUISnackbarDemoUITests */,
			);
		};
/* End PBXProject section */

/* Begin PBXResourcesBuildPhase section */
		187D003B2D6E8A0C00CC1AE8 /* Resources */ = {
			isa = PBXResourcesBuildPhase;
			buildActionMask = 2147483647;
			files = (
			);
			runOnlyForDeploymentPostprocessing = 0;
		};
		187D004C2D6E8A0F00CC1AE8 /* Resources */ = {
			isa = PBXResourcesBuildPhase;
			buildActionMask = 2147483647;
			files = (
			);
			runOnlyForDeploymentPostprocessing = 0;
		};
		187D00562D6E8A0F00CC1AE8 /* Resources */ = {
			isa = PBXResourcesBuildPhase;
			buildActionMask = 2147483647;
			files = (
			);
			runOnlyForDeploymentPostprocessing = 0;
		};
/* End PBXResourcesBuildPhase section */

/* Begin PBXSourcesBuildPhase section */
		187D00392D6E8A0C00CC1AE8 /* Sources */ = {
			isa = PBXSourcesBuildPhase;
			buildActionMask = 2147483647;
			files = (
			);
			runOnlyForDeploymentPostprocessing = 0;
		};
		187D004A2D6E8A0F00CC1AE8 /* Sources */ = {
			isa = PBXSourcesBuildPhase;
			buildActionMask = 2147483647;
			files = (
			);
			runOnlyForDeploymentPostprocessing = 0;
		};
		187D00542D6E8A0F00CC1AE8 /* Sources */ = {
			isa = PBXSourcesBuildPhase;
			buildActionMask = 2147483647;
			files = (
			);
			runOnlyForDeploymentPostprocessing = 0;
		};
/* End PBXSourcesBuildPhase section */

/* Begin PBXTargetDependency section */
		187D00502D6E8A0F00CC1AE8 /* PBXTargetDependency */ = {
			isa = PBXTargetDependency;
			target = 187D003C2D6E8A0C00CC1AE8 /* SwiftUISnackbarDemo */;
			targetProxy = 187D004F2D6E8A0F00CC1AE8 /* PBXContainerItemProxy */;
		};
		187D005A2D6E8A0F00CC1AE8 /* PBXTargetDependency */ = {
			isa = PBXTargetDependency;
			target = 187D003C2D6E8A0C00CC1AE8 /* SwiftUISnackbarDemo */;
			targetProxy = 187D00592D6E8A0F00CC1AE8 /* PBXContainerItemProxy */;
		};
/* End PBXTargetDependency section */

/* Begin XCBuildConfiguration section */
		187D00602D6E8A0F00CC1AE8 /* Debug */ = {
			isa = XCBuildConfiguration;
			buildSettings = {
				ALWAYS_SEARCH_USER_PATHS = NO;
				ASSETCATALOG_COMPILER_GENERATE_SWIFT_ASSET_SYMBOL_EXTENSIONS = YES;
				CLANG_ANALYZER_NONNULL = YES;
				CLANG_ANALYZER_NUMBER_OBJECT_CONVERSION = YES_AGGRESSIVE;
				CLANG_CXX_LANGUAGE_STANDARD = "gnu++20";
				CLANG_ENABLE_MODULES = YES;
				CLANG_ENABLE_OBJC_ARC = YES;
				CLANG_ENABLE_OBJC_WEAK = YES;
				CLANG_WARN_BLOCK_CAPTURE_AUTORELEASING = YES;
				CLANG_WARN_BOOL_CONVERSION = YES;
				CLANG_WARN_COMMA = YES;
				CLANG_WARN_CONSTANT_CONVERSION = YES;
				CLANG_WARN_DEPRECATED_OBJC_IMPLEMENTATIONS = YES;
				CLANG_WARN_DIRECT_OBJC_ISA_USAGE = YES_ERROR;
				CLANG_WARN_DOCUMENTATION_COMMENTS = YES;
				CLANG_WARN_EMPTY_BODY = YES;
				CLANG_WARN_ENUM_CONVERSION = YES;
				CLANG_WARN_INFINITE_RECURSION = YES;
				CLANG_WARN_INT_CONVERSION = YES;
				CLANG_WARN_NON_LITERAL_NULL_CONVERSION = YES;
				CLANG_WARN_OBJC_IMPLICIT_RETAIN_SELF = YES;
				CLANG_WARN_OBJC_LITERAL_CONVERSION = YES;
				CLANG_WARN_OBJC_ROOT_CLASS = YES_ERROR;
				CLANG_WARN_QUOTED_INCLUDE_IN_FRAMEWORK_HEADER = YES;
				CLANG_WARN_RANGE_LOOP_ANALYSIS = YES;
				CLANG_WARN_STRICT_PROTOTYPES = YES;
				CLANG_WARN_SUSPICIOUS_MOVE = YES;
				CLANG_WARN_UNGUARDED_AVAILABILITY = YES_AGGRESSIVE;
				CLANG_WARN_UNREACHABLE_CODE = YES;
				CLANG_WARN__DUPLICATE_METHOD_MATCH = YES;
				COPY_PHASE_STRIP = NO;
				DEBUG_INFORMATION_FORMAT = dwarf;
				ENABLE_STRICT_OBJC_MSGSEND = YES;
				ENABLE_TESTABILITY = YES;
				ENABLE_USER_SCRIPT_SANDBOXING = YES;
				GCC_C_LANGUAGE_STANDARD = gnu17;
				GCC_DYNAMIC_NO_PIC = NO;
				GCC_NO_COMMON_BLOCKS = YES;
				GCC_OPTIMIZATION_LEVEL = 0;
				GCC_PREPROCESSOR_DEFINITIONS = (
					"DEBUG=1",
					"$(inherited)",
				);
				GCC_WARN_64_TO_32_BIT_CONVERSION = YES;
				GCC_WARN_ABOUT_RETURN_TYPE = YES_ERROR;
				GCC_WARN_UNDECLARED_SELECTOR = YES;
				GCC_WARN_UNINITIALIZED_AUTOS = YES_AGGRESSIVE;
				GCC_WARN_UNUSED_FUNCTION = YES;
				GCC_WARN_UNUSED_VARIABLE = YES;
				LOCALIZATION_PREFERS_STRING_CATALOGS = YES;
				MTL_ENABLE_DEBUG_INFO = INCLUDE_SOURCE;
				MTL_FAST_MATH = YES;
				ONLY_ACTIVE_ARCH = YES;
				SWIFT_ACTIVE_COMPILATION_CONDITIONS = "DEBUG $(inherited)";
				SWIFT_OPTIMIZATION_LEVEL = "-Onone";
			};
			name = Debug;
		};
		187D00612D6E8A0F00CC1AE8 /* Release */ = {
			isa = XCBuildConfiguration;
			buildSettings = {
				ALWAYS_SEARCH_USER_PATHS = NO;
				ASSETCATALOG_COMPILER_GENERATE_SWIFT_ASSET_SYMBOL_EXTENSIONS = YES;
				CLANG_ANALYZER_NONNULL = YES;
				CLANG_ANALYZER_NUMBER_OBJECT_CONVERSION = YES_AGGRESSIVE;
				CLANG_CXX_LANGUAGE_STANDARD = "gnu++20";
				CLANG_ENABLE_MODULES = YES;
				CLANG_ENABLE_OBJC_ARC = YES;
				CLANG_ENABLE_OBJC_WEAK = YES;
				CLANG_WARN_BLOCK_CAPTURE_AUTORELEASING = YES;
				CLANG_WARN_BOOL_CONVERSION = YES;
				CLANG_WARN_COMMA = YES;
				CLANG_WARN_CONSTANT_CONVERSION = YES;
				CLANG_WARN_DEPRECATED_OBJC_IMPLEMENTATIONS = YES;
				CLANG_WARN_DIRECT_OBJC_ISA_USAGE = YES_ERROR;
				CLANG_WARN_DOCUMENTATION_COMMENTS = YES;
				CLANG_WARN_EMPTY_BODY = YES;
				CLANG_WARN_ENUM_CONVERSION = YES;
				CLANG_WARN_INFINITE_RECURSION = YES;
				CLANG_WARN_INT_CONVERSION = YES;
				CLANG_WARN_NON_LITERAL_NULL_CONVERSION = YES;
				CLANG_WARN_OBJC_IMPLICIT_RETAIN_SELF = YES;
				CLANG_WARN_OBJC_LITERAL_CONVERSION = YES;
				CLANG_WARN_OBJC_ROOT_CLASS = YES_ERROR;
				CLANG_WARN_QUOTED_INCLUDE_IN_FRAMEWORK_HEADER = YES;
				CLANG_WARN_RANGE_LOOP_ANALYSIS = YES;
				CLANG_WARN_STRICT_PROTOTYPES = YES;
				CLANG_WARN_SUSPICIOUS_MOVE = YES;
				CLANG_WARN_UNGUARDED_AVAILABILITY = YES_AGGRESSIVE;
				CLANG_WARN_UNREACHABLE_CODE = YES;
				CLANG_WARN__DUPLICATE_METHOD_MATCH = YES;
				COPY_PHASE_STRIP = NO;
				DEBUG_INFORMATION_FORMAT = "dwarf-with-dsym";
				ENABLE_NS_ASSERTIONS = NO;
				ENABLE_STRICT_OBJC_MSGSEND = YES;
				ENABLE_USER_SCRIPT_SANDBOXING = YES;
				GCC_C_LANGUAGE_STANDARD = gnu17;
				GCC_NO_COMMON_BLOCKS = YES;
				GCC_WARN_64_TO_32_BIT_CONVERSION = YES;
				GCC_WARN_ABOUT_RETURN_TYPE = YES_ERROR;
				GCC_WARN_UNDECLARED_SELECTOR = YES;
				GCC_WARN_UNINITIALIZED_AUTOS = YES_AGGRESSIVE;
				GCC_WARN_UNUSED_FUNCTION = YES;
				GCC_WARN_UNUSED_VARIABLE = YES;
				LOCALIZATION_PREFERS_STRING_CATALOGS = YES;
				MTL_ENABLE_DEBUG_INFO = NO;
				MTL_FAST_MATH = YES;
				SWIFT_COMPILATION_MODE = wholemodule;
			};
			name = Release;
		};
		187D00632D6E8A0F00CC1AE8 /* Debug */ = {
			isa = XCBuildConfiguration;
			buildSettings = {
				ASSETCATALOG_COMPILER_APPICON_NAME = AppIcon;
				ASSETCATALOG_COMPILER_GLOBAL_ACCENT_COLOR_NAME = AccentColor;
				CODE_SIGN_ENTITLEMENTS = SwiftUISnackbarDemo/SwiftUISnackbarDemo.entitlements;
				CODE_SIGN_STYLE = Automatic;
				CURRENT_PROJECT_VERSION = 1;
				DEVELOPMENT_ASSET_PATHS = "\"SwiftUISnackbarDemo/Preview Content\"";
				ENABLE_PREVIEWS = YES;
				GENERATE_INFOPLIST_FILE = YES;
				"INFOPLIST_KEY_UIApplicationSceneManifest_Generation[sdk=iphoneos*]" = YES;
				"INFOPLIST_KEY_UIApplicationSceneManifest_Generation[sdk=iphonesimulator*]" = YES;
				"INFOPLIST_KEY_UIApplicationSupportsIndirectInputEvents[sdk=iphoneos*]" = YES;
				"INFOPLIST_KEY_UIApplicationSupportsIndirectInputEvents[sdk=iphonesimulator*]" = YES;
				"INFOPLIST_KEY_UILaunchScreen_Generation[sdk=iphoneos*]" = YES;
				"INFOPLIST_KEY_UILaunchScreen_Generation[sdk=iphonesimulator*]" = YES;
				"INFOPLIST_KEY_UIStatusBarStyle[sdk=iphoneos*]" = UIStatusBarStyleDefault;
				"INFOPLIST_KEY_UIStatusBarStyle[sdk=iphonesimulator*]" = UIStatusBarStyleDefault;
				INFOPLIST_KEY_UISupportedInterfaceOrientations_iPad = "UIInterfaceOrientationPortrait UIInterfaceOrientationPortraitUpsideDown UIInterfaceOrientationLandscapeLeft UIInterfaceOrientationLandscapeRight";
				INFOPLIST_KEY_UISupportedInterfaceOrientations_iPhone = "UIInterfaceOrientationPortrait UIInterfaceOrientationLandscapeLeft UIInterfaceOrientationLandscapeRight";
				IPHONEOS_DEPLOYMENT_TARGET = 18.2;
				LD_RUNPATH_SEARCH_PATHS = "@executable_path/Frameworks";
				"LD_RUNPATH_SEARCH_PATHS[sdk=macosx*]" = "@executable_path/../Frameworks";
				MACOSX_DEPLOYMENT_TARGET = 15.2;
				MARKETING_VERSION = 1.0;
				PRODUCT_BUNDLE_IDENTIFIER = "com.chris.iOS-Example";
				PRODUCT_NAME = "$(TARGET_NAME)";
				SDKROOT = auto;
				SUPPORTED_PLATFORMS = "iphoneos iphonesimulator macosx xros xrsimulator";
				SWIFT_EMIT_LOC_STRINGS = YES;
				SWIFT_VERSION = 5.0;
				TARGETED_DEVICE_FAMILY = "1,2,7";
				XROS_DEPLOYMENT_TARGET = 2.2;
			};
			name = Debug;
		};
		187D00642D6E8A0F00CC1AE8 /* Release */ = {
			isa = XCBuildConfiguration;
			buildSettings = {
				ASSETCATALOG_COMPILER_APPICON_NAME = AppIcon;
				ASSETCATALOG_COMPILER_GLOBAL_ACCENT_COLOR_NAME = AccentColor;
				CODE_SIGN_ENTITLEMENTS = SwiftUISnackbarDemo/SwiftUISnackbarDemo.entitlements;
				CODE_SIGN_STYLE = Automatic;
				CURRENT_PROJECT_VERSION = 1;
				DEVELOPMENT_ASSET_PATHS = "\"SwiftUISnackbarDemo/Preview Content\"";
				ENABLE_PREVIEWS = YES;
				GENERATE_INFOPLIST_FILE = YES;
				"INFOPLIST_KEY_UIApplicationSceneManifest_Generation[sdk=iphoneos*]" = YES;
				"INFOPLIST_KEY_UIApplicationSceneManifest_Generation[sdk=iphonesimulator*]" = YES;
				"INFOPLIST_KEY_UIApplicationSupportsIndirectInputEvents[sdk=iphoneos*]" = YES;
				"INFOPLIST_KEY_UIApplicationSupportsIndirectInputEvents[sdk=iphonesimulator*]" = YES;
				"INFOPLIST_KEY_UILaunchScreen_Generation[sdk=iphoneos*]" = YES;
				"INFOPLIST_KEY_UILaunchScreen_Generation[sdk=iphonesimulator*]" = YES;
				"INFOPLIST_KEY_UIStatusBarStyle[sdk=iphoneos*]" = UIStatusBarStyleDefault;
				"INFOPLIST_KEY_UIStatusBarStyle[sdk=iphonesimulator*]" = UIStatusBarStyleDefault;
				INFOPLIST_KEY_UISupportedInterfaceOrientations_iPad = "UIInterfaceOrientationPortrait UIInterfaceOrientationPortraitUpsideDown UIInterfaceOrientationLandscapeLeft UIInterfaceOrientationLandscapeRight";
				INFOPLIST_KEY_UISupportedInterfaceOrientations_iPhone = "UIInterfaceOrientationPortrait UIInterfaceOrientationLandscapeLeft UIInterfaceOrientationLandscapeRight";
				IPHONEOS_DEPLOYMENT_TARGET = 18.2;
				LD_RUNPATH_SEARCH_PATHS = "@executable_path/Frameworks";
				"LD_RUNPATH_SEARCH_PATHS[sdk=macosx*]" = "@executable_path/../Frameworks";
				MACOSX_DEPLOYMENT_TARGET = 15.2;
				MARKETING_VERSION = 1.0;
				PRODUCT_BUNDLE_IDENTIFIER = "com.chris.iOS-Example";
				PRODUCT_NAME = "$(TARGET_NAME)";
				SDKROOT = auto;
				SUPPORTED_PLATFORMS = "iphoneos iphonesimulator macosx xros xrsimulator";
				SWIFT_EMIT_LOC_STRINGS = YES;
				SWIFT_VERSION = 5.0;
				TARGETED_DEVICE_FAMILY = "1,2,7";
				XROS_DEPLOYMENT_TARGET = 2.2;
			};
			name = Release;
		};
		187D00662D6E8A0F00CC1AE8 /* Debug */ = {
			isa = XCBuildConfiguration;
			buildSettings = {
				BUNDLE_LOADER = "$(TEST_HOST)";
				CODE_SIGN_STYLE = Automatic;
				CURRENT_PROJECT_VERSION = 1;
				GENERATE_INFOPLIST_FILE = YES;
				IPHONEOS_DEPLOYMENT_TARGET = 18.2;
				MACOSX_DEPLOYMENT_TARGET = 15.2;
				MARKETING_VERSION = 1.0;
				PRODUCT_BUNDLE_IDENTIFIER = "com.chris.iOS-ExampleTests";
				PRODUCT_NAME = "$(TARGET_NAME)";
				SDKROOT = auto;
				SUPPORTED_PLATFORMS = "iphoneos iphonesimulator macosx xros xrsimulator";
				SWIFT_EMIT_LOC_STRINGS = NO;
				SWIFT_VERSION = 5.0;
				TARGETED_DEVICE_FAMILY = "1,2,7";
				TEST_HOST = "$(BUILT_PRODUCTS_DIR)/SwiftUISnackbarDemo.app/$(BUNDLE_EXECUTABLE_FOLDER_PATH)/SwiftUISnackbarDemo";
				XROS_DEPLOYMENT_TARGET = 2.2;
			};
			name = Debug;
		};
		187D00672D6E8A0F00CC1AE8 /* Release */ = {
			isa = XCBuildConfiguration;
			buildSettings = {
				BUNDLE_LOADER = "$(TEST_HOST)";
				CODE_SIGN_STYLE = Automatic;
				CURRENT_PROJECT_VERSION = 1;
				GENERATE_INFOPLIST_FILE = YES;
				IPHONEOS_DEPLOYMENT_TARGET = 18.2;
				MACOSX_DEPLOYMENT_TARGET = 15.2;
				MARKETING_VERSION = 1.0;
				PRODUCT_BUNDLE_IDENTIFIER = "com.chris.iOS-ExampleTests";
				PRODUCT_NAME = "$(TARGET_NAME)";
				SDKROOT = auto;
				SUPPORTED_PLATFORMS = "iphoneos iphonesimulator macosx xros xrsimulator";
				SWIFT_EMIT_LOC_STRINGS = NO;
				SWIFT_VERSION = 5.0;
				TARGETED_DEVICE_FAMILY = "1,2,7";
				TEST_HOST = "$(BUILT_PRODUCTS_DIR)/SwiftUISnackbarDemo.app/$(BUNDLE_EXECUTABLE_FOLDER_PATH)/SwiftUISnackbarDemo";
				XROS_DEPLOYMENT_TARGET = 2.2;
			};
			name = Release;
		};
		187D00692D6E8A0F00CC1AE8 /* Debug */ = {
			isa = XCBuildConfiguration;
			buildSettings = {
				CODE_SIGN_STYLE = Automatic;
				CURRENT_PROJECT_VERSION = 1;
				GENERATE_INFOPLIST_FILE = YES;
				IPHONEOS_DEPLOYMENT_TARGET = 18.2;
				MACOSX_DEPLOYMENT_TARGET = 15.2;
				MARKETING_VERSION = 1.0;
				PRODUCT_BUNDLE_IDENTIFIER = "com.chris.iOS-ExampleUITests";
				PRODUCT_NAME = "$(TARGET_NAME)";
				SDKROOT = auto;
				SUPPORTED_PLATFORMS = "iphoneos iphonesimulator macosx xros xrsimulator";
				SWIFT_EMIT_LOC_STRINGS = NO;
				SWIFT_VERSION = 5.0;
				TARGETED_DEVICE_FAMILY = "1,2,7";
				TEST_TARGET_NAME = "iOS Example";
				XROS_DEPLOYMENT_TARGET = 2.2;
			};
			name = Debug;
		};
		187D006A2D6E8A0F00CC1AE8 /* Release */ = {
			isa = XCBuildConfiguration;
			buildSettings = {
				CODE_SIGN_STYLE = Automatic;
				CURRENT_PROJECT_VERSION = 1;
				GENERATE_INFOPLIST_FILE = YES;
				IPHONEOS_DEPLOYMENT_TARGET = 18.2;
				MACOSX_DEPLOYMENT_TARGET = 15.2;
				MARKETING_VERSION = 1.0;
				PRODUCT_BUNDLE_IDENTIFIER = "com.chris.iOS-ExampleUITests";
				PRODUCT_NAME = "$(TARGET_NAME)";
				SDKROOT = auto;
				SUPPORTED_PLATFORMS = "iphoneos iphonesimulator macosx xros xrsimulator";
				SWIFT_EMIT_LOC_STRINGS = NO;
				SWIFT_VERSION = 5.0;
				TARGETED_DEVICE_FAMILY = "1,2,7";
				TEST_TARGET_NAME = "iOS Example";
				XROS_DEPLOYMENT_TARGET = 2.2;
			};
			name = Release;
		};
/* End XCBuildConfiguration section */

/* Begin XCConfigurationList section */
		187D00382D6E8A0C00CC1AE8 /* Build configuration list for PBXProject "SwiftUISnackbarDemo" */ = {
			isa = XCConfigurationList;
			buildConfigurations = (
				187D00602D6E8A0F00CC1AE8 /* Debug */,
				187D00612D6E8A0F00CC1AE8 /* Release */,
			);
			defaultConfigurationIsVisible = 0;
			defaultConfigurationName = Release;
		};
		187D00622D6E8A0F00CC1AE8 /* Build configuration list for PBXNativeTarget "SwiftUISnackbarDemo" */ = {
			isa = XCConfigurationList;
			buildConfigurations = (
				187D00632D6E8A0F00CC1AE8 /* Debug */,
				187D00642D6E8A0F00CC1AE8 /* Release */,
			);
			defaultConfigurationIsVisible = 0;
			defaultConfigurationName = Release;
		};
		187D00652D6E8A0F00CC1AE8 /* Build configuration list for PBXNativeTarget "SwiftUISnackbarDemoTests" */ = {
			isa = XCConfigurationList;
			buildConfigurations = (
				187D00662D6E8A0F00CC1AE8 /* Debug */,
				187D00672D6E8A0F00CC1AE8 /* Release */,
			);
			defaultConfigurationIsVisible = 0;
			defaultConfigurationName = Release;
		};
		187D00682D6E8A0F00CC1AE8 /* Build configuration list for PBXNativeTarget "SwiftUISnackbarDemoUITests" */ = {
			isa = XCConfigurationList;
			buildConfigurations = (
				187D00692D6E8A0F00CC1AE8 /* Debug */,
				187D006A2D6E8A0F00CC1AE8 /* Release */,
			);
			defaultConfigurationIsVisible = 0;
			defaultConfigurationName = Release;
		};
/* End XCConfigurationList section */

/* Begin XCLocalSwiftPackageReference section */
		1860E5D22D825A0800E285EA /* XCLocalSwiftPackageReference "../../../SwiftUI-Snackbar" */ = {
			isa = XCLocalSwiftPackageReference;
			relativePath = "../../../SwiftUI-Snackbar";
		};
/* End XCLocalSwiftPackageReference section */

/* Begin XCSwiftPackageProductDependency section */
		1860E5D32D825A0800E285EA /* SwiftUISnackbar */ = {
			isa = XCSwiftPackageProductDependency;
			productName = SwiftUISnackbar;
		};
/* End XCSwiftPackageProductDependency section */
	};
	rootObject = 187D00352D6E8A0C00CC1AE8 /* Project object */;
}
